{
  "name": "drame",
  "version": "1.0.0",
  "lockfileVersion": 3,
  "requires": true,
  "packages": {
    "": {
      "name": "drame",
      "version": "1.0.0",
      "license": "ISC",
      "dependencies": {
        "pspdfkit": "^2023.4.5"
      }
    },
    "node_modules/pspdfkit": {
      "version": "2023.4.5",
      "resolved": "https://registry.npmjs.org/pspdfkit/-/pspdfkit-2023.4.5.tgz",
      "integrity": "sha512-seO/sDHEBkrhSON1W+GQfiTc5JSLk8JshIM4j0NbAZP0YOtJVZGm3ptRVjijr0GRhClhUgEjFiThIMKnkq45gQ=="
    }
  }
}
